
Microsoft Visual Studio Solution File, Format Version 12.00
# Visual Studio Version 16
VisualStudioVersion = 16.0.29215.179
MinimumVisualStudioVersion = 10.0.40219.1
Project("{FAE04EC0-301F-11D3-BF4B-00C04F79EFBC}") = "Roughness", "Roughness\Roughness.csproj", "{160668E8-05DC-4B43-AA5C-E316E941250F}"
EndProject
Global
	GlobalSection(SolutionConfigurationPlatforms) = preSolution
		Debug|Any CPU = Debug|Any CPU
		Release|Any CPU = Release|Any CPU
	EndGlobalSection
	GlobalSection(ProjectConfigurationPlatforms) = postSolution
		{160668E8-05DC-4B43-AA5C-E316E941250F}.Debug|Any CPU.ActiveCfg = Debug|Any CPU
		{160668E8-05DC-4B43-AA5C-E316E941250F}.Debug|Any CPU.Build.0 = Debug|Any CPU
		{160668E8-05DC-4B43-AA5C-E316E941250F}.Release|Any CPU.ActiveCfg = Release|Any CPU
		{160668E8-05DC-4B43-AA5C-E316E941250F}.Release|Any CPU.Build.0 = Release|Any CPU
	EndGlobalSection
	GlobalSection(SolutionProperties) = preSolution
		HideSolutionNode = FALSE
	EndGlobalSection
	GlobalSection(ExtensibilityGlobals) = postSolution
		SolutionGuid = {B8758DAE-6FA8-4E0A-AEB2-D93684599FA3}
	EndGlobalSection
EndGlobal
